
Microsoft Visual Studio Solution File, Format Version 12.00
# Visual Studio 15
VisualStudioVersion = 15.0.27004.2002
MinimumVisualStudioVersion = 10.0.40219.1
Project("{FAE04EC0-301F-11D3-BF4B-00C04F79EFBC}") = "ReadFile", "ReadFile\ReadFile.csproj", "{D74DC043-8A70-4546-A2ED-0C32C40D6BF5}"
EndProject
Global
	GlobalSection(SolutionConfigurationPlatforms) = preSolution
		Debug|Any CPU = Debug|Any CPU
		Release|Any CPU = Release|Any CPU
	EndGlobalSection
	GlobalSection(ProjectConfigurationPlatforms) = postSolution
		{D74DC043-8A70-4546-A2ED-0C32C40D6BF5}.Debug|Any CPU.ActiveCfg = Debug|Any CPU
		{D74DC043-8A70-4546-A2ED-0C32C40D6BF5}.Debug|Any CPU.Build.0 = Debug|Any CPU
		{D74DC043-8A70-4546-A2ED-0C32C40D6BF5}.Release|Any CPU.ActiveCfg = Release|Any CPU
		{D74DC043-8A70-4546-A2ED-0C32C40D6BF5}.Release|Any CPU.Build.0 = Release|Any CPU
	EndGlobalSection
	GlobalSection(SolutionProperties) = preSolution
		HideSolutionNode = FALSE
	EndGlobalSection
	GlobalSection(ExtensibilityGlobals) = postSolution
		SolutionGuid = {E19C24DA-8251-4541-9D16-D58DF507146F}
	EndGlobalSection
EndGlobal
